// !$*UTF8*$!
{
	archiveVersion = 1;
	classes = {
	};
	objectVersion = 55;
	objects = {

	/* Begin PBXBuildFile section */
			GRIM_APP_BUILD /* GrimoireApp.swift in Sources */ = {isa = PBXBuildFile; fileRef = GRIM_APP /* GrimoireApp.swift */; };
			GRIM_CONTENT_BUILD /* ContentView.swift in Sources */ = {isa = PBXBuildFile; fileRef = GRIM_CONTENT /* ContentView.swift */; };
			GRIM_SIDEBAR_BUILD /* SidebarView.swift in Sources */ = {isa = PBXBuildFile; fileRef = GRIM_SIDEBAR /* SidebarView.swift */; };
			GRIM_EDITOR_BUILD /* EditorView.swift in Sources */ = {isa = PBXBuildFile; fileRef = GRIM_EDITOR /* EditorView.swift */; };
			GRIM_BACKLINKS_BUILD /* BacklinksView.swift in Sources */ = {isa = PBXBuildFile; fileRef = GRIM_BACKLINKS /* BacklinksView.swift */; };
			GRIM_GLOSSARY_VIEW_BUILD /* GlossaryView.swift in Sources */ = {isa = PBXBuildFile; fileRef = GRIM_GLOSSARY_VIEW /* GlossaryView.swift */; };
			GRIM_SETTINGS_BUILD /* SettingsView.swift in Sources */ = {isa = PBXBuildFile; fileRef = GRIM_SETTINGS /* SettingsView.swift */; };
			GRIM_DEBUG_BUILD /* DebugTools.swift in Sources */ = {isa = PBXBuildFile; fileRef = GRIM_DEBUG /* DebugTools.swift */; };
			GRIM_DOMAIN_MODELS_BUILD /* Models.swift in Sources */ = {isa = PBXBuildFile; fileRef = GRIM_DOMAIN_MODELS /* Models.swift */; };
			GRIM_DATA_NOTE_REPO_BUILD /* NoteRepository.swift in Sources */ = {isa = PBXBuildFile; fileRef = GRIM_DATA_NOTE_REPO /* NoteRepository.swift */; };
			GRIM_DATA_SEARCH_REPO_BUILD /* SearchRepository.swift in Sources */ = {isa = PBXBuildFile; fileRef = GRIM_DATA_SEARCH_REPO /* SearchRepository.swift */; };
			GRIM_DATA_GLOSSARY_REPO_BUILD /* GlossaryRepository.swift in Sources */ = {isa = PBXBuildFile; fileRef = GRIM_DATA_GLOSSARY_REPO /* GlossaryRepository.swift */; };
				GRIM_STORE_NOTE_BUILD /* NoteStore.swift in Sources */ = {isa = PBXBuildFile; fileRef = GRIM_STORE_NOTE /* NoteStore.swift */; };
				GRIM_STORE_BACKLINK_BUILD /* BacklinksStore.swift in Sources */ = {isa = PBXBuildFile; fileRef = GRIM_STORE_BACKLINK /* BacklinksStore.swift */; };
				GRIM_STORE_GLOSSARY_BUILD /* GlossaryStore.swift in Sources */ = {isa = PBXBuildFile; fileRef = GRIM_STORE_GLOSSARY /* GlossaryStore.swift */; };
				GRIM_INFOPLIST_BUILD /* Info.plist in Resources */ = {isa = PBXBuildFile; fileRef = GRIM_INFOPLIST /* Info.plist */; };
				GRIM_MARKDOWNUI_BUILD /* MarkdownUI in Frameworks */ = {isa = PBXBuildFile; productRef = GRIM_MARKDOWNUI_PROD /* MarkdownUI */; };
		/* End PBXBuildFile section */

	/* Begin PBXFileReference section */
			GRIM_APP /* GrimoireApp.swift */ = {isa = PBXFileReference; lastKnownFileType = sourcecode.swift; path = GrimoireApp.swift; sourceTree = "<group>"; };
			GRIM_CONTENT /* ContentView.swift */ = {isa = PBXFileReference; lastKnownFileType = sourcecode.swift; path = ContentView.swift; sourceTree = "<group>"; };
			GRIM_SIDEBAR /* SidebarView.swift */ = {isa = PBXFileReference; lastKnownFileType = sourcecode.swift; path = SidebarView.swift; sourceTree = "<group>"; };
			GRIM_EDITOR /* EditorView.swift */ = {isa = PBXFileReference; lastKnownFileType = sourcecode.swift; path = EditorView.swift; sourceTree = "<group>"; };
			GRIM_BACKLINKS /* BacklinksView.swift */ = {isa = PBXFileReference; lastKnownFileType = sourcecode.swift; path = BacklinksView.swift; sourceTree = "<group>"; };
			GRIM_GLOSSARY_VIEW /* GlossaryView.swift */ = {isa = PBXFileReference; lastKnownFileType = sourcecode.swift; path = GlossaryView.swift; sourceTree = "<group>"; };
			GRIM_SETTINGS /* SettingsView.swift */ = {isa = PBXFileReference; lastKnownFileType = sourcecode.swift; path = SettingsView.swift; sourceTree = "<group>"; };
			GRIM_DEBUG /* DebugTools.swift */ = {isa = PBXFileReference; lastKnownFileType = sourcecode.swift; path = DebugTools.swift; sourceTree = "<group>"; };
			GRIM_DOMAIN_MODELS /* Models.swift */ = {isa = PBXFileReference; lastKnownFileType = sourcecode.swift; path = Models.swift; sourceTree = "<group>"; };
			GRIM_DATA_NOTE_REPO /* NoteRepository.swift */ = {isa = PBXFileReference; lastKnownFileType = sourcecode.swift; path = NoteRepository.swift; sourceTree = "<group>"; };
			GRIM_DATA_SEARCH_REPO /* SearchRepository.swift */ = {isa = PBXFileReference; lastKnownFileType = sourcecode.swift; path = SearchRepository.swift; sourceTree = "<group>"; };
			GRIM_DATA_GLOSSARY_REPO /* GlossaryRepository.swift */ = {isa = PBXFileReference; lastKnownFileType = sourcecode.swift; path = GlossaryRepository.swift; sourceTree = "<group>"; };
			GRIM_STORE_NOTE /* NoteStore.swift */ = {isa = PBXFileReference; lastKnownFileType = sourcecode.swift; path = NoteStore.swift; sourceTree = "<group>"; };
			GRIM_STORE_BACKLINK /* BacklinksStore.swift */ = {isa = PBXFileReference; lastKnownFileType = sourcecode.swift; path = BacklinksStore.swift; sourceTree = "<group>"; };
			GRIM_STORE_GLOSSARY /* GlossaryStore.swift */ = {isa = PBXFileReference; lastKnownFileType = sourcecode.swift; path = GlossaryStore.swift; sourceTree = "<group>"; };
			GRIM_INFOPLIST /* Info.plist */ = {isa = PBXFileReference; lastKnownFileType = text.plist.xml; path = Info.plist; sourceTree = "<group>"; };
			GRIM_PRODUCT /* Grimoire.app */ = {isa = PBXFileReference; explicitFileType = wrapper.application; includeInIndex = 0; path = Grimoire.app; sourceTree = BUILT_PRODUCTS_DIR; };
	/* End PBXFileReference section */

/* Begin PBXFrameworksBuildPhase section */
			GRIM_FRAMEWORKS /* Frameworks */ = {
				isa = PBXFrameworksBuildPhase;
				buildActionMask = 2147483647;
				files = (
					GRIM_MARKDOWNUI_BUILD /* MarkdownUI in Frameworks */,
				);
				runOnlyForDeploymentPostprocessing = 0;
			};
	/* End PBXFrameworksBuildPhase section */

/* Begin PBXGroup section */
		GRIM_GROUP_ROOT = {
			isa = PBXGroup;
			children = (
				GRIM_GROUP_SOURCES,
				GRIM_GROUP_RESOURCES,
				GRIM_GROUP_PRODUCTS,
			);
			sourceTree = "<group>";
		};
		GRIM_GROUP_SOURCES = {
			isa = PBXGroup;
			children = (
				GRIM_APP,
				GRIM_VIEWS_GROUP,
				GRIM_GROUP_DOMAIN,
				GRIM_GROUP_DATA,
				GRIM_GROUP_STORES,
				GRIM_DEBUG,
			);
			name = Sources;
			sourceTree = "<group>";
		};
			GRIM_VIEWS_GROUP = {
				isa = PBXGroup;
				children = (
					GRIM_CONTENT,
					GRIM_SIDEBAR,
					GRIM_EDITOR,
					GRIM_BACKLINKS,
					GRIM_GLOSSARY_VIEW,
					GRIM_SETTINGS,
				);
				name = Views;
				path = "";
			sourceTree = "<group>";
		};
		GRIM_GROUP_DOMAIN = {
			isa = PBXGroup;
			children = (
				GRIM_DOMAIN_MODELS,
			);
			name = Domain;
			path = Domain;
			sourceTree = "<group>";
		};
			GRIM_GROUP_DATA = {
				isa = PBXGroup;
				children = (
					GRIM_DATA_NOTE_REPO,
					GRIM_DATA_SEARCH_REPO,
					GRIM_DATA_GLOSSARY_REPO,
				);
				name = Data;
				path = Data;
				sourceTree = "<group>";
		};
			GRIM_GROUP_STORES = {
				isa = PBXGroup;
				children = (
					GRIM_STORE_NOTE,
					GRIM_STORE_BACKLINK,
					GRIM_STORE_GLOSSARY,
				);
				name = Stores;
				path = Stores;
				sourceTree = "<group>";
		};
		GRIM_GROUP_RESOURCES = {
			isa = PBXGroup;
			children = (
				GRIM_INFOPLIST,
			);
			name = Resources;
			path = Resources;
			sourceTree = "<group>";
		};
		GRIM_GROUP_PRODUCTS = {
			isa = PBXGroup;
			children = (
				GRIM_PRODUCT,
			);
			name = Products;
			sourceTree = "<group>";
		};
/* End PBXGroup section */

/* Begin PBXNativeTarget section */
		GRIM_TARGET_MAIN /* Grimoire */ = {
			isa = PBXNativeTarget;
			buildConfigurationList = GRIM_CONFIG_LIST_TARGET /* Build configuration list for PBXNativeTarget "Grimoire" */;
			buildPhases = (
				GRIM_SOURCES_PHASE /* Sources */,
				GRIM_FRAMEWORKS /* Frameworks */,
				GRIM_RESOURCES_PHASE /* Resources */,
			);
			buildRules = (
			);
				dependencies = (
				);
				name = Grimoire;
				packageProductDependencies = (
					GRIM_MARKDOWNUI_PROD /* MarkdownUI */,
				);
				productName = Grimoire;
				productReference = GRIM_PRODUCT /* Grimoire.app */;
				productType = "com.apple.product-type.application";
			};
	/* End PBXNativeTarget section */

/* Begin PBXProject section */
		GRIM_PROJECT /* Project object */ = {
			isa = PBXProject;
			attributes = {
				BuildIndependentTargetsInParallel = 1;
				LastSwiftUpdateCheck = 1500;
				LastUpgradeCheck = 1500;
				TargetAttributes = {
					GRIM_TARGET_MAIN = {
						CreatedOnToolsVersion = 15.0;
					};
				};
			};
			buildConfigurationList = GRIM_CONFIG_LIST_PROJECT /* Build configuration list for PBXProject "Grimoire" */;
			compatibilityVersion = "Xcode 15.0";
			developmentRegion = en;
			hasScannedForEncodings = 0;
			knownRegions = (
				en,
				Base,
				);
				mainGroup = GRIM_GROUP_ROOT;
				packageReferences = (
					GRIM_MARKDOWNUI_PKG /* XCRemoteSwiftPackageReference "swift-markdown-ui" */,
				);
				productRefGroup = GRIM_GROUP_PRODUCTS /* Products */;
				projectDirPath = "";
				projectRoot = "";
				targets = (
				GRIM_TARGET_MAIN /* Grimoire */,
			);
			};
	/* End PBXProject section */

	/* Begin XCRemoteSwiftPackageReference section */
			GRIM_MARKDOWNUI_PKG /* XCRemoteSwiftPackageReference "swift-markdown-ui" */ = {
				isa = XCRemoteSwiftPackageReference;
				repositoryURL = "https://github.com/gonzalezreal/swift-markdown-ui";
				requirement = {
					kind = upToNextMajorVersion;
					minimumVersion = 2.2.0;
				};
			};
	/* End XCRemoteSwiftPackageReference section */

	/* Begin XCSwiftPackageProductDependency section */
			GRIM_MARKDOWNUI_PROD /* MarkdownUI */ = {
				isa = XCSwiftPackageProductDependency;
				productName = MarkdownUI;
				package = GRIM_MARKDOWNUI_PKG /* XCRemoteSwiftPackageReference "swift-markdown-ui" */;
			};
	/* End XCSwiftPackageProductDependency section */

	/* Begin PBXResourcesBuildPhase section */
			GRIM_RESOURCES_PHASE /* Resources */ = {
				isa = PBXResourcesBuildPhase;
			buildActionMask = 2147483647;
			files = (
				GRIM_INFOPLIST_BUILD /* Info.plist in Resources */,
			);
			runOnlyForDeploymentPostprocessing = 0;
		};
/* End PBXResourcesBuildPhase section */

	/* Begin PBXSourcesBuildPhase section */
			GRIM_SOURCES_PHASE /* Sources */ = {
				isa = PBXSourcesBuildPhase;
				buildActionMask = 2147483647;
				files = (
					GRIM_APP_BUILD /* GrimoireApp.swift in Sources */,
					GRIM_CONTENT_BUILD /* ContentView.swift in Sources */,
					GRIM_SIDEBAR_BUILD /* SidebarView.swift in Sources */,
					GRIM_EDITOR_BUILD /* EditorView.swift in Sources */,
					GRIM_BACKLINKS_BUILD /* BacklinksView.swift in Sources */,
					GRIM_GLOSSARY_VIEW_BUILD /* GlossaryView.swift in Sources */,
					GRIM_SETTINGS_BUILD /* SettingsView.swift in Sources */,
					GRIM_DEBUG_BUILD /* DebugTools.swift in Sources */,
					GRIM_DOMAIN_MODELS_BUILD /* Models.swift in Sources */,
					GRIM_DATA_NOTE_REPO_BUILD /* NoteRepository.swift in Sources */,
					GRIM_DATA_SEARCH_REPO_BUILD /* SearchRepository.swift in Sources */,
					GRIM_DATA_GLOSSARY_REPO_BUILD /* GlossaryRepository.swift in Sources */,
					GRIM_STORE_NOTE_BUILD /* NoteStore.swift in Sources */,
					GRIM_STORE_BACKLINK_BUILD /* BacklinksStore.swift in Sources */,
					GRIM_STORE_GLOSSARY_BUILD /* GlossaryStore.swift in Sources */,
				);
				runOnlyForDeploymentPostprocessing = 0;
			};
	/* End PBXSourcesBuildPhase section */

/* Begin XCBuildConfiguration section */
		GRIM_CONFIG_DEBUG /* Debug */ = {
			isa = XCBuildConfiguration;
			buildSettings = {
				ALWAYS_SEARCH_USER_PATHS = NO;
				CLANG_ANALYZER_NONNULL = YES;
				CLANG_ANALYZER_NUMBER_OBJECT_CONVERSION = YES_AGGRESSIVE;
				CLANG_CXX_LANGUAGE_STANDARD = "gnu++20";
				CLANG_ENABLE_MODULES = YES;
				CLANG_ENABLE_OBJC_ARC = YES;
				CLANG_ENABLE_OBJC_WEAK = YES;
				CLANG_WARN_BLOCK_CAPTURE_AUTORELEASING = YES;
				CLANG_WARN_BOOL_CONVERSION = YES;
				CLANG_WARN_COMMA = YES;
				CLANG_WARN_CONSTANT_CONVERSION = YES;
				CLANG_WARN_DEPRECATED_OBJC_IMPLEMENTATIONS = YES;
				CLANG_WARN_DIRECT_OBJC_ISA_USAGE = YES_ERROR;
				CLANG_WARN_DOCUMENTATION_COMMENTS = YES;
				CLANG_WARN_EMPTY_BODY = YES;
				CLANG_WARN_ENUM_CONVERSION = YES;
				CLANG_WARN_INFINITE_RECURSION = YES;
				CLANG_WARN_INT_CONVERSION = YES;
				CLANG_WARN_NON_LITERAL_NULL_CONVERSION = YES;
				CLANG_WARN_OBJC_IMPLICIT_RETAIN_SELF = YES;
				CLANG_WARN_OBJC_LITERAL_CONVERSION = YES;
				CLANG_WARN_OBJC_ROOT_CLASS = YES_ERROR;
				CLANG_WARN_QUOTED_INCLUDE_IN_FRAMEWORK_HEADER = YES;
				CLANG_WARN_RANGE_LOOP_ANALYSIS = YES;
				CLANG_WARN_STRICT_PROTOTYPES = YES;
				CLANG_WARN_SUSPICIOUS_MOVE = YES;
				CLANG_WARN_UNGUARDED_AVAILABILITY = YES_AGGRESSIVE;
				CLANG_WARN_UNREACHABLE_CODE = YES;
				CLANG_WARN__DUPLICATE_METHOD_MATCH = YES;
				COPY_PHASE_STRIP = NO;
				DEBUG_INFORMATION_FORMAT = dwarf;
				ENABLE_STRICT_OBJC_MSGSEND = YES;
				ENABLE_TESTABILITY = YES;
				GCC_C_LANGUAGE_STANDARD = gnu11;
				GCC_DYNAMIC_NO_PIC = NO;
				GCC_NO_COMMON_BLOCKS = YES;
				GCC_OPTIMIZATION_LEVEL = 0;
				GCC_PREPROCESSOR_DEFINITIONS = (
					"DEBUG=1",
					"$(inherited)",
				);
				GCC_WARN_64_TO_32_BIT_CONVERSION = YES;
				GCC_WARN_ABOUT_RETURN_TYPE = YES_ERROR;
				GCC_WARN_UNDECLARED_SELECTOR = YES;
				GCC_WARN_UNINITIALIZED_AUTOS = YES_AGGRESSIVE;
				GCC_WARN_UNUSED_FUNCTION = YES;
				GCC_WARN_UNUSED_VARIABLE = YES;
				INFOPLIST_FILE = Resources/Info.plist;
				MACOSX_DEPLOYMENT_TARGET = 13.0;
				MTL_ENABLE_DEBUG_INFO = INCLUDE_SOURCE;
				MTL_FAST_MATH = YES;
				ONLY_ACTIVE_ARCH = YES;
				PRODUCT_BUNDLE_IDENTIFIER = com.grimoire.app;
				PRODUCT_NAME = "$(TARGET_NAME)";
				SDKROOT = macosx;
				SWIFT_ACTIVE_COMPILATION_CONDITIONS = DEBUG;
				SWIFT_OPTIMIZATION_LEVEL = "-Onone";
				SWIFT_VERSION = 5.0;
			};
			name = Debug;
		};
		GRIM_CONFIG_RELEASE /* Release */ = {
			isa = XCBuildConfiguration;
			buildSettings = {
				ALWAYS_SEARCH_USER_PATHS = NO;
				CLANG_ANALYZER_NONNULL = YES;
				CLANG_ANALYZER_NUMBER_OBJECT_CONVERSION = YES_AGGRESSIVE;
				CLANG_CXX_LANGUAGE_STANDARD = "gnu++20";
				CLANG_ENABLE_MODULES = YES;
				CLANG_ENABLE_OBJC_ARC = YES;
				CLANG_ENABLE_OBJC_WEAK = YES;
				CLANG_WARN_BLOCK_CAPTURE_AUTORELEASING = YES;
				CLANG_WARN_BOOL_CONVERSION = YES;
				CLANG_WARN_COMMA = YES;
				CLANG_WARN_CONSTANT_CONVERSION = YES;
				CLANG_WARN_DEPRECATED_OBJC_IMPLEMENTATIONS = YES;
				CLANG_WARN_DIRECT_OBJC_ISA_USAGE = YES_ERROR;
				CLANG_WARN_DOCUMENTATION_COMMENTS = YES;
				CLANG_WARN_EMPTY_BODY = YES;
				CLANG_WARN_ENUM_CONVERSION = YES;
				CLANG_WARN_INFINITE_RECURSION = YES;
				CLANG_WARN_INT_CONVERSION = YES;
				CLANG_WARN_NON_LITERAL_NULL_CONVERSION = YES;
				CLANG_WARN_OBJC_IMPLICIT_RETAIN_SELF = YES;
				CLANG_WARN_OBJC_LITERAL_CONVERSION = YES;
				CLANG_WARN_OBJC_ROOT_CLASS = YES_ERROR;
				CLANG_WARN_QUOTED_INCLUDE_IN_FRAMEWORK_HEADER = YES;
				CLANG_WARN_RANGE_LOOP_ANALYSIS = YES;
				CLANG_WARN_STRICT_PROTOTYPES = YES;
				CLANG_WARN_SUSPICIOUS_MOVE = YES;
				CLANG_WARN_UNGUARDED_AVAILABILITY = YES_AGGRESSIVE;
				CLANG_WARN_UNREACHABLE_CODE = YES;
				CLANG_WARN__DUPLICATE_METHOD_MATCH = YES;
				COPY_PHASE_STRIP = NO;
				DEBUG_INFORMATION_FORMAT = "dwarf-with-dsym";
				ENABLE_NS_ASSERTIONS = NO;
				ENABLE_STRICT_OBJC_MSGSEND = YES;
				GCC_C_LANGUAGE_STANDARD = gnu11;
				GCC_NO_COMMON_BLOCKS = YES;
				GCC_WARN_64_TO_32_BIT_CONVERSION = YES;
				GCC_WARN_ABOUT_RETURN_TYPE = YES_ERROR;
				GCC_WARN_UNDECLARED_SELECTOR = YES;
				GCC_WARN_UNINITIALIZED_AUTOS = YES_AGGRESSIVE;
				GCC_WARN_UNUSED_FUNCTION = YES;
				GCC_WARN_UNUSED_VARIABLE = YES;
				INFOPLIST_FILE = Resources/Info.plist;
				MACOSX_DEPLOYMENT_TARGET = 13.0;
				MTL_ENABLE_DEBUG_INFO = NO;
				MTL_FAST_MATH = YES;
				PRODUCT_BUNDLE_IDENTIFIER = com.grimoire.app;
				PRODUCT_NAME = "$(TARGET_NAME)";
				SDKROOT = macosx;
				SWIFT_COMPILATION_MODE = wholemodule;
				SWIFT_OPTIMIZATION_LEVEL = "-O";
				SWIFT_VERSION = 5.0;
				VALIDATE_PRODUCT = YES;
			};
			name = Release;
		};
/* End XCBuildConfiguration section */

/* Begin XCConfigurationList section */
		GRIM_CONFIG_LIST_PROJECT /* Build configuration list for PBXProject "Grimoire" */ = {
			isa = XCConfigurationList;
			buildConfigurations = (
				GRIM_CONFIG_DEBUG /* Debug */,
				GRIM_CONFIG_RELEASE /* Release */,
			);
			defaultConfigurationIsVisible = 0;
			defaultConfigurationName = Release;
		};
		GRIM_CONFIG_LIST_TARGET /* Build configuration list for PBXNativeTarget "Grimoire" */ = {
			isa = XCConfigurationList;
			buildConfigurations = (
				GRIM_CONFIG_DEBUG /* Debug */,
				GRIM_CONFIG_RELEASE /* Release */,
			);
			defaultConfigurationIsVisible = 0;
			defaultConfigurationName = Release;
		};
/* End XCConfigurationList section */

	};
	rootObject = GRIM_PROJECT /* Project object */;
}
